
Microsoft Visual Studio Solution File, Format Version 12.00
# Visual Studio Version 17
VisualStudioVersion = 17.9.34622.214
MinimumVisualStudioVersion = 10.0.40219.1
Project("{FAE04EC0-301F-11D3-BF4B-00C04F79EFBC}") = "elozo2", "elozo2\elozo2.csproj", "{16DBEF85-FA0B-4CC8-BBB4-05A97FA763A9}"
EndProject
Project("{FAE04EC0-301F-11D3-BF4B-00C04F79EFBC}") = "WinFormsApp1", "WinFormsApp1\WinFormsApp1.csproj", "{DE4F9659-8009-47FB-AC85-AB174C374C87}"
EndProject
Global
	GlobalSection(SolutionConfigurationPlatforms) = preSolution
		Debug|Any CPU = Debug|Any CPU
		Release|Any CPU = Release|Any CPU
	EndGlobalSection
	GlobalSection(ProjectConfigurationPlatforms) = postSolution
		{16DBEF85-FA0B-4CC8-BBB4-05A97FA763A9}.Debug|Any CPU.ActiveCfg = Debug|Any CPU
		{16DBEF85-FA0B-4CC8-BBB4-05A97FA763A9}.Debug|Any CPU.Build.0 = Debug|Any CPU
		{16DBEF85-FA0B-4CC8-BBB4-05A97FA763A9}.Release|Any CPU.ActiveCfg = Release|Any CPU
		{16DBEF85-FA0B-4CC8-BBB4-05A97FA763A9}.Release|Any CPU.Build.0 = Release|Any CPU
		{DE4F9659-8009-47FB-AC85-AB174C374C87}.Debug|Any CPU.ActiveCfg = Debug|Any CPU
		{DE4F9659-8009-47FB-AC85-AB174C374C87}.Debug|Any CPU.Build.0 = Debug|Any CPU
		{DE4F9659-8009-47FB-AC85-AB174C374C87}.Release|Any CPU.ActiveCfg = Release|Any CPU
		{DE4F9659-8009-47FB-AC85-AB174C374C87}.Release|Any CPU.Build.0 = Release|Any CPU
	EndGlobalSection
	GlobalSection(SolutionProperties) = preSolution
		HideSolutionNode = FALSE
	EndGlobalSection
	GlobalSection(ExtensibilityGlobals) = postSolution
		SolutionGuid = {349EEB38-D630-404A-B28E-DC95D2D661F1}
	EndGlobalSection
EndGlobal
